
Microsoft Visual Studio Solution File, Format Version 12.00
# Visual Studio Version 17
VisualStudioVersion = 17.5.33516.290
MinimumVisualStudioVersion = 10.0.40219.1
Project("{FAE04EC0-301F-11D3-BF4B-00C04F79EFBC}") = "task1", "task1\task1.csproj", "{F3A859B2-BBAB-47FF-BCE3-007ED1DE6586}"
EndProject
Project("{FAE04EC0-301F-11D3-BF4B-00C04F79EFBC}") = "task2", "task2\task2.csproj", "{C0C76898-1615-4F5F-AF80-E25D1375D153}"
EndProject
Project("{FAE04EC0-301F-11D3-BF4B-00C04F79EFBC}") = "task3", "task3\task3.csproj", "{397332E9-C2DD-4EB4-BB96-A1A1E4E7D756}"
EndProject
Global
	GlobalSection(SolutionConfigurationPlatforms) = preSolution
		Debug|Any CPU = Debug|Any CPU
		Release|Any CPU = Release|Any CPU
	EndGlobalSection
	GlobalSection(ProjectConfigurationPlatforms) = postSolution
		{F3A859B2-BBAB-47FF-BCE3-007ED1DE6586}.Debug|Any CPU.ActiveCfg = Debug|Any CPU
		{F3A859B2-BBAB-47FF-BCE3-007ED1DE6586}.Debug|Any CPU.Build.0 = Debug|Any CPU
		{F3A859B2-BBAB-47FF-BCE3-007ED1DE6586}.Release|Any CPU.ActiveCfg = Release|Any CPU
		{F3A859B2-BBAB-47FF-BCE3-007ED1DE6586}.Release|Any CPU.Build.0 = Release|Any CPU
		{C0C76898-1615-4F5F-AF80-E25D1375D153}.Debug|Any CPU.ActiveCfg = Debug|Any CPU
		{C0C76898-1615-4F5F-AF80-E25D1375D153}.Debug|Any CPU.Build.0 = Debug|Any CPU
		{C0C76898-1615-4F5F-AF80-E25D1375D153}.Release|Any CPU.ActiveCfg = Release|Any CPU
		{C0C76898-1615-4F5F-AF80-E25D1375D153}.Release|Any CPU.Build.0 = Release|Any CPU
		{397332E9-C2DD-4EB4-BB96-A1A1E4E7D756}.Debug|Any CPU.ActiveCfg = Debug|Any CPU
		{397332E9-C2DD-4EB4-BB96-A1A1E4E7D756}.Debug|Any CPU.Build.0 = Debug|Any CPU
		{397332E9-C2DD-4EB4-BB96-A1A1E4E7D756}.Release|Any CPU.ActiveCfg = Release|Any CPU
		{397332E9-C2DD-4EB4-BB96-A1A1E4E7D756}.Release|Any CPU.Build.0 = Release|Any CPU
	EndGlobalSection
	GlobalSection(SolutionProperties) = preSolution
		HideSolutionNode = FALSE
	EndGlobalSection
	GlobalSection(ExtensibilityGlobals) = postSolution
		SolutionGuid = {9DAA8D49-F092-447A-B1B4-BF3CE55FCF88}
	EndGlobalSection
EndGlobal
